
Microsoft Visual Studio Solution File, Format Version 12.00
# Visual Studio Version 17
VisualStudioVersion = 17.10.35013.160
MinimumVisualStudioVersion = 10.0.40219.1
Project("{FAE04EC0-301F-11D3-BF4B-00C04F79EFBC}") = "vs-2022-github-user-experience", "vs-2022-github-user-experience\vs-2022-github-user-experience.csproj", "{E505D861-2ED6-4AD0-9BB5-551B96195AA8}"
EndProject
Global
	GlobalSection(SolutionConfigurationPlatforms) = preSolution
		Debug|Any CPU = Debug|Any CPU
		Release|Any CPU = Release|Any CPU
	EndGlobalSection
	GlobalSection(ProjectConfigurationPlatforms) = postSolution
		{E505D861-2ED6-4AD0-9BB5-551B96195AA8}.Debug|Any CPU.ActiveCfg = Debug|Any CPU
		{E505D861-2ED6-4AD0-9BB5-551B96195AA8}.Debug|Any CPU.Build.0 = Debug|Any CPU
		{E505D861-2ED6-4AD0-9BB5-551B96195AA8}.Release|Any CPU.ActiveCfg = Release|Any CPU
		{E505D861-2ED6-4AD0-9BB5-551B96195AA8}.Release|Any CPU.Build.0 = Release|Any CPU
	EndGlobalSection
	GlobalSection(SolutionProperties) = preSolution
		HideSolutionNode = FALSE
	EndGlobalSection
	GlobalSection(ExtensibilityGlobals) = postSolution
		SolutionGuid = {8931C000-6B5A-4FA6-BDE2-E0B2376A04B7}
	EndGlobalSection
EndGlobal
